<Solution>
  <Folder Name="/Elementos de la solución/">
    <File Path="CHANGELOG.md" />
    <File Path="MANIFESTO.md" />
    <File Path="README.md" />
  </Folder>
  <Project Path="FinanzasPersonales.Tests/FinanzasPersonales.Tests.csproj" />
  <Project Path="FinanzasPersonales/FinanzasPersonales.csproj" />
</Solution>
